
Microsoft Visual Studio Solution File, Format Version 12.00
# Visual Studio Version 16
VisualStudioVersion = 16.0.30204.135
MinimumVisualStudioVersion = 10.0.40219.1
Project("{8BC9CEB8-8B4A-11D0-8D11-00A0C91BC942}") = "UnitTest", "UnitTest\UnitTest.vcxproj", "{6D9AE347-5A5B-47BE-984E-15C5792B6413}"
	ProjectSection(ProjectDependencies) = postProject
		{04C6AB77-B0CF-4493-8A6D-AE025469B110} = {04C6AB77-B0CF-4493-8A6D-AE025469B110}
	EndProjectSection
EndProject
Project("{8BC9CEB8-8B4A-11D0-8D11-00A0C91BC942}") = "StaticLib", "StaticLib\StaticLib.vcxproj", "{04C6AB77-B0CF-4493-8A6D-AE025469B110}"
EndProject
Global
	GlobalSection(SolutionConfigurationPlatforms) = preSolution
		Debug|x64 = Debug|x64
		Debug|x86 = Debug|x86
		Release|x64 = Release|x64
		Release|x86 = Release|x86
	EndGlobalSection
	GlobalSection(ProjectConfigurationPlatforms) = postSolution
		{6D9AE347-5A5B-47BE-984E-15C5792B6413}.Debug|x64.ActiveCfg = Debug|x64
		{6D9AE347-5A5B-47BE-984E-15C5792B6413}.Debug|x64.Build.0 = Debug|x64
		{6D9AE347-5A5B-47BE-984E-15C5792B6413}.Debug|x86.ActiveCfg = Debug|Win32
		{6D9AE347-5A5B-47BE-984E-15C5792B6413}.Debug|x86.Build.0 = Debug|Win32
		{6D9AE347-5A5B-47BE-984E-15C5792B6413}.Release|x64.ActiveCfg = Release|x64
		{6D9AE347-5A5B-47BE-984E-15C5792B6413}.Release|x64.Build.0 = Release|x64
		{6D9AE347-5A5B-47BE-984E-15C5792B6413}.Release|x86.ActiveCfg = Release|Win32
		{6D9AE347-5A5B-47BE-984E-15C5792B6413}.Release|x86.Build.0 = Release|Win32
		{04C6AB77-B0CF-4493-8A6D-AE025469B110}.Debug|x64.ActiveCfg = Debug|x64
		{04C6AB77-B0CF-4493-8A6D-AE025469B110}.Debug|x64.Build.0 = Debug|x64
		{04C6AB77-B0CF-4493-8A6D-AE025469B110}.Debug|x86.ActiveCfg = Debug|Win32
		{04C6AB77-B0CF-4493-8A6D-AE025469B110}.Debug|x86.Build.0 = Debug|Win32
		{04C6AB77-B0CF-4493-8A6D-AE025469B110}.Release|x64.ActiveCfg = Release|x64
		{04C6AB77-B0CF-4493-8A6D-AE025469B110}.Release|x64.Build.0 = Release|x64
		{04C6AB77-B0CF-4493-8A6D-AE025469B110}.Release|x86.ActiveCfg = Release|Win32
		{04C6AB77-B0CF-4493-8A6D-AE025469B110}.Release|x86.Build.0 = Release|Win32
	EndGlobalSection
	GlobalSection(SolutionProperties) = preSolution
		HideSolutionNode = FALSE
	EndGlobalSection
	GlobalSection(ExtensibilityGlobals) = postSolution
		SolutionGuid = {E624D67B-06B4-4059-B794-17D2B9C47A72}
	EndGlobalSection
EndGlobal
